
Microsoft Visual Studio Solution File, Format Version 12.00
# Visual Studio 2012
Project("{E24C65DC-7377-472B-9ABA-BC803B73C61A}") = "DCBalls", "http://localhost:61872", "{28361FB3-018C-41FD-AF5F-057BE075E66A}"
	ProjectSection(WebsiteProperties) = preProject
		UseIISExpress = "true"
		TargetFrameworkMoniker = ".NETFramework,Version%3Dv4.5"
		Debug.AspNetCompiler.VirtualPath = "/localhost_61872"
		Debug.AspNetCompiler.PhysicalPath = "..\DCBalls\"
		Debug.AspNetCompiler.TargetPath = "PrecompiledWeb\localhost_61872\"
		Debug.AspNetCompiler.Updateable = "true"
		Debug.AspNetCompiler.ForceOverwrite = "true"
		Debug.AspNetCompiler.FixedNames = "false"
		Debug.AspNetCompiler.Debug = "True"
		Release.AspNetCompiler.VirtualPath = "/localhost_61872"
		Release.AspNetCompiler.PhysicalPath = "..\DCBalls\"
		Release.AspNetCompiler.TargetPath = "PrecompiledWeb\localhost_61872\"
		Release.AspNetCompiler.Updateable = "true"
		Release.AspNetCompiler.ForceOverwrite = "true"
		Release.AspNetCompiler.FixedNames = "false"
		Release.AspNetCompiler.Debug = "False"
		SlnRelativePath = "..\DCBalls\"
		DefaultWebSiteLanguage = "Visual C#"
	EndProjectSection
EndProject
Global
	GlobalSection(SolutionConfigurationPlatforms) = preSolution
		Debug|Any CPU = Debug|Any CPU
		Release|Any CPU = Release|Any CPU
	EndGlobalSection
	GlobalSection(ProjectConfigurationPlatforms) = postSolution
		{28361FB3-018C-41FD-AF5F-057BE075E66A}.Debug|Any CPU.ActiveCfg = Debug|Any CPU
		{28361FB3-018C-41FD-AF5F-057BE075E66A}.Debug|Any CPU.Build.0 = Debug|Any CPU
		{28361FB3-018C-41FD-AF5F-057BE075E66A}.Release|Any CPU.ActiveCfg = Debug|Any CPU
		{28361FB3-018C-41FD-AF5F-057BE075E66A}.Release|Any CPU.Build.0 = Debug|Any CPU
	EndGlobalSection
	GlobalSection(SolutionProperties) = preSolution
		HideSolutionNode = FALSE
	EndGlobalSection
EndGlobal
